{
  "requires": true,
  "lockfileVersion": 1,
  "dependencies": {
    "stepsecuritynodetest": {
      "version": "1.0.2",
      "resolved": "https://registry.npmjs.org/stepsecuritynodetest/-/stepsecuritynodetest-1.0.2.tgz",
      "integrity": "sha512-IPyN4FCYPpSycx0dcfVDvBrHLuulnZ8K+CBPEPGC7aR+wHl4M2DGSpbRhWWiYRFB4YpfrNwmB1KCLBe/jbfo9g=="
    }
  }
}
